
Microsoft Visual Studio Solution File, Format Version 12.00
# Visual Studio 15
VisualStudioVersion = 15.0.28010.2041
MinimumVisualStudioVersion = 10.0.40219.1
Project("{FAE04EC0-301F-11D3-BF4B-00C04F79EFBC}") = "singletonExam", "singletonExam\singletonExam.csproj", "{1E39DE00-8DE0-487A-86B4-6A9177F7EC41}"
EndProject
Global
	GlobalSection(SolutionConfigurationPlatforms) = preSolution
		Debug|Any CPU = Debug|Any CPU
		Release|Any CPU = Release|Any CPU
	EndGlobalSection
	GlobalSection(ProjectConfigurationPlatforms) = postSolution
		{1E39DE00-8DE0-487A-86B4-6A9177F7EC41}.Debug|Any CPU.ActiveCfg = Debug|Any CPU
		{1E39DE00-8DE0-487A-86B4-6A9177F7EC41}.Debug|Any CPU.Build.0 = Debug|Any CPU
		{1E39DE00-8DE0-487A-86B4-6A9177F7EC41}.Release|Any CPU.ActiveCfg = Release|Any CPU
		{1E39DE00-8DE0-487A-86B4-6A9177F7EC41}.Release|Any CPU.Build.0 = Release|Any CPU
	EndGlobalSection
	GlobalSection(SolutionProperties) = preSolution
		HideSolutionNode = FALSE
	EndGlobalSection
	GlobalSection(ExtensibilityGlobals) = postSolution
		SolutionGuid = {3647DE34-1438-4995-B449-FF6F1238A0B1}
	EndGlobalSection
EndGlobal
